
Microsoft Visual Studio Solution File, Format Version 12.00
# Visual Studio Version 17
VisualStudioVersion = 17.4.33122.133
MinimumVisualStudioVersion = 10.0.40219.1
Project("{FAE04EC0-301F-11D3-BF4B-00C04F79EFBC}") = "LinqSample001", "LinqSample001\LinqSample001.csproj", "{893676CE-6FE2-4CDF-A15B-4A04AF907190}"
EndProject
Project("{FAE04EC0-301F-11D3-BF4B-00C04F79EFBC}") = "LinqSample002", "LinqSample002\LinqSample002.csproj", "{AD92136A-FD00-4B94-9270-18A2BAA380DE}"
EndProject
Project("{FAE04EC0-301F-11D3-BF4B-00C04F79EFBC}") = "LinqSample003", "LinqSample003\LinqSample003.csproj", "{604864AB-773E-4DE8-9B60-2D6279389FD0}"
EndProject
Global
	GlobalSection(SolutionConfigurationPlatforms) = preSolution
		Debug|Any CPU = Debug|Any CPU
		Release|Any CPU = Release|Any CPU
	EndGlobalSection
	GlobalSection(ProjectConfigurationPlatforms) = postSolution
		{893676CE-6FE2-4CDF-A15B-4A04AF907190}.Debug|Any CPU.ActiveCfg = Debug|Any CPU
		{893676CE-6FE2-4CDF-A15B-4A04AF907190}.Debug|Any CPU.Build.0 = Debug|Any CPU
		{893676CE-6FE2-4CDF-A15B-4A04AF907190}.Release|Any CPU.ActiveCfg = Release|Any CPU
		{893676CE-6FE2-4CDF-A15B-4A04AF907190}.Release|Any CPU.Build.0 = Release|Any CPU
		{AD92136A-FD00-4B94-9270-18A2BAA380DE}.Debug|Any CPU.ActiveCfg = Debug|Any CPU
		{AD92136A-FD00-4B94-9270-18A2BAA380DE}.Debug|Any CPU.Build.0 = Debug|Any CPU
		{AD92136A-FD00-4B94-9270-18A2BAA380DE}.Release|Any CPU.ActiveCfg = Release|Any CPU
		{AD92136A-FD00-4B94-9270-18A2BAA380DE}.Release|Any CPU.Build.0 = Release|Any CPU
		{604864AB-773E-4DE8-9B60-2D6279389FD0}.Debug|Any CPU.ActiveCfg = Debug|Any CPU
		{604864AB-773E-4DE8-9B60-2D6279389FD0}.Debug|Any CPU.Build.0 = Debug|Any CPU
		{604864AB-773E-4DE8-9B60-2D6279389FD0}.Release|Any CPU.ActiveCfg = Release|Any CPU
		{604864AB-773E-4DE8-9B60-2D6279389FD0}.Release|Any CPU.Build.0 = Release|Any CPU
	EndGlobalSection
	GlobalSection(SolutionProperties) = preSolution
		HideSolutionNode = FALSE
	EndGlobalSection
	GlobalSection(ExtensibilityGlobals) = postSolution
		SolutionGuid = {189235B7-852E-4056-AC21-938B1E8BC35C}
	EndGlobalSection
EndGlobal
